
Microsoft Visual Studio Solution File, Format Version 12.00
# Visual Studio Version 17
VisualStudioVersion = 17.5.33530.505
MinimumVisualStudioVersion = 10.0.40219.1
Project("{9A19103F-16F7-4668-BE54-9A1E7A4F7556}") = "Ostium.BeforeIDie.API", "Ostium.BeforeIDie.API\Ostium.BeforeIDie.API.csproj", "{4981896E-9DE7-4121-9D82-0908BA41334B}"
EndProject
Project("{2150E333-8FDC-42A3-9474-1A3956D46DE8}") = "01-API", "01-API", "{6E9D95B2-36AB-43C0-832D-585651E3949C}"
EndProject
Project("{2150E333-8FDC-42A3-9474-1A3956D46DE8}") = "Solution Items", "Solution Items", "{28290392-8D38-4A6D-A996-DBA989EEC71D}"
	ProjectSection(SolutionItems) = preProject
		README.md = README.md
	EndProjectSection
EndProject
Project("{2150E333-8FDC-42A3-9474-1A3956D46DE8}") = "03-Domain", "03-Domain", "{4707C10B-9E3A-4ED7-9948-5B4E104B5FA7}"
EndProject
Project("{9A19103F-16F7-4668-BE54-9A1E7A4F7556}") = "Ostium.BeforeIDie.Domain", "Ostium.BeforeIDie.Domain\Ostium.BeforeIDie.Domain.csproj", "{3C5764F9-A2BF-48EB-8094-8C19B80E3B33}"
EndProject
Project("{2150E333-8FDC-42A3-9474-1A3956D46DE8}") = "04-Infra", "04-Infra", "{030C0B2A-4B40-4B78-BAD4-7766C5B9DC0C}"
EndProject
Project("{9A19103F-16F7-4668-BE54-9A1E7A4F7556}") = "Ostium.BeforeIDie.Infra", "Ostium.BeforeIDie.Infra\Ostium.BeforeIDie.Infra.csproj", "{006CB689-FA71-40D2-BB96-D087FAF97399}"
EndProject
Project("{9A19103F-16F7-4668-BE54-9A1E7A4F7556}") = "Ostium.BeforeIDie.IoC", "Ostium.BeforeIDie.IoC\Ostium.BeforeIDie.IoC.csproj", "{33F4A131-11CE-44FA-BC74-CEF0D0B094AF}"
EndProject
Project("{2150E333-8FDC-42A3-9474-1A3956D46DE8}") = "02-Services", "02-Services", "{956C8AC0-F116-4D87-9773-E3230F71087B}"
EndProject
Project("{9A19103F-16F7-4668-BE54-9A1E7A4F7556}") = "Ostium.BeforeIDie.Services", "Ostium.BeforeIDie.Services\Ostium.BeforeIDie.Services.csproj", "{E391DDF5-FD5F-46D2-9161-F82FE492480F}"
EndProject
Project("{2150E333-8FDC-42A3-9474-1A3956D46DE8}") = "05-Tests", "05-Tests", "{B8106A7D-AC92-43A6-AF88-CB3B67CEA452}"
EndProject
Project("{FAE04EC0-301F-11D3-BF4B-00C04F79EFBC}") = "Ostium.BeforeIDie.Domain.Test", "Ostium.BeforeIDie.Domain.Test\Ostium.BeforeIDie.Domain.Test.csproj", "{DC6B3DA8-F0BC-44BE-BCE0-194E5D7DC34B}"
EndProject
Global
	GlobalSection(SolutionConfigurationPlatforms) = preSolution
		Debug|Any CPU = Debug|Any CPU
		Release|Any CPU = Release|Any CPU
	EndGlobalSection
	GlobalSection(ProjectConfigurationPlatforms) = postSolution
		{4981896E-9DE7-4121-9D82-0908BA41334B}.Debug|Any CPU.ActiveCfg = Debug|Any CPU
		{4981896E-9DE7-4121-9D82-0908BA41334B}.Debug|Any CPU.Build.0 = Debug|Any CPU
		{4981896E-9DE7-4121-9D82-0908BA41334B}.Release|Any CPU.ActiveCfg = Release|Any CPU
		{4981896E-9DE7-4121-9D82-0908BA41334B}.Release|Any CPU.Build.0 = Release|Any CPU
		{3C5764F9-A2BF-48EB-8094-8C19B80E3B33}.Debug|Any CPU.ActiveCfg = Debug|Any CPU
		{3C5764F9-A2BF-48EB-8094-8C19B80E3B33}.Debug|Any CPU.Build.0 = Debug|Any CPU
		{3C5764F9-A2BF-48EB-8094-8C19B80E3B33}.Release|Any CPU.ActiveCfg = Release|Any CPU
		{3C5764F9-A2BF-48EB-8094-8C19B80E3B33}.Release|Any CPU.Build.0 = Release|Any CPU
		{006CB689-FA71-40D2-BB96-D087FAF97399}.Debug|Any CPU.ActiveCfg = Debug|Any CPU
		{006CB689-FA71-40D2-BB96-D087FAF97399}.Debug|Any CPU.Build.0 = Debug|Any CPU
		{006CB689-FA71-40D2-BB96-D087FAF97399}.Release|Any CPU.ActiveCfg = Release|Any CPU
		{006CB689-FA71-40D2-BB96-D087FAF97399}.Release|Any CPU.Build.0 = Release|Any CPU
		{33F4A131-11CE-44FA-BC74-CEF0D0B094AF}.Debug|Any CPU.ActiveCfg = Debug|Any CPU
		{33F4A131-11CE-44FA-BC74-CEF0D0B094AF}.Debug|Any CPU.Build.0 = Debug|Any CPU
		{33F4A131-11CE-44FA-BC74-CEF0D0B094AF}.Release|Any CPU.ActiveCfg = Release|Any CPU
		{33F4A131-11CE-44FA-BC74-CEF0D0B094AF}.Release|Any CPU.Build.0 = Release|Any CPU
		{E391DDF5-FD5F-46D2-9161-F82FE492480F}.Debug|Any CPU.ActiveCfg = Debug|Any CPU
		{E391DDF5-FD5F-46D2-9161-F82FE492480F}.Debug|Any CPU.Build.0 = Debug|Any CPU
		{E391DDF5-FD5F-46D2-9161-F82FE492480F}.Release|Any CPU.ActiveCfg = Release|Any CPU
		{E391DDF5-FD5F-46D2-9161-F82FE492480F}.Release|Any CPU.Build.0 = Release|Any CPU
		{DC6B3DA8-F0BC-44BE-BCE0-194E5D7DC34B}.Debug|Any CPU.ActiveCfg = Debug|Any CPU
		{DC6B3DA8-F0BC-44BE-BCE0-194E5D7DC34B}.Debug|Any CPU.Build.0 = Debug|Any CPU
		{DC6B3DA8-F0BC-44BE-BCE0-194E5D7DC34B}.Release|Any CPU.ActiveCfg = Release|Any CPU
		{DC6B3DA8-F0BC-44BE-BCE0-194E5D7DC34B}.Release|Any CPU.Build.0 = Release|Any CPU
	EndGlobalSection
	GlobalSection(SolutionProperties) = preSolution
		HideSolutionNode = FALSE
	EndGlobalSection
	GlobalSection(NestedProjects) = preSolution
		{4981896E-9DE7-4121-9D82-0908BA41334B} = {6E9D95B2-36AB-43C0-832D-585651E3949C}
		{3C5764F9-A2BF-48EB-8094-8C19B80E3B33} = {4707C10B-9E3A-4ED7-9948-5B4E104B5FA7}
		{006CB689-FA71-40D2-BB96-D087FAF97399} = {030C0B2A-4B40-4B78-BAD4-7766C5B9DC0C}
		{33F4A131-11CE-44FA-BC74-CEF0D0B094AF} = {030C0B2A-4B40-4B78-BAD4-7766C5B9DC0C}
		{E391DDF5-FD5F-46D2-9161-F82FE492480F} = {956C8AC0-F116-4D87-9773-E3230F71087B}
		{DC6B3DA8-F0BC-44BE-BCE0-194E5D7DC34B} = {B8106A7D-AC92-43A6-AF88-CB3B67CEA452}
	EndGlobalSection
	GlobalSection(ExtensibilityGlobals) = postSolution
		SolutionGuid = {CEB56D3E-23A5-4FFC-ABD1-792B77273DD9}
	EndGlobalSection
EndGlobal
